
Microsoft Visual Studio Solution File, Format Version 12.00
# Visual Studio Version 17
VisualStudioVersion = 17.7.34221.43
MinimumVisualStudioVersion = 10.0.40219.1
Project("{FAE04EC0-301F-11D3-BF4B-00C04F79EFBC}") = "11.11.2023", "11.11.2023\11.11.2023.csproj", "{332CC810-E25F-44E4-9FF0-172A66028DEA}"
EndProject
Global
	GlobalSection(SolutionConfigurationPlatforms) = preSolution
		Debug|Any CPU = Debug|Any CPU
		Release|Any CPU = Release|Any CPU
	EndGlobalSection
	GlobalSection(ProjectConfigurationPlatforms) = postSolution
		{332CC810-E25F-44E4-9FF0-172A66028DEA}.Debug|Any CPU.ActiveCfg = Debug|Any CPU
		{332CC810-E25F-44E4-9FF0-172A66028DEA}.Debug|Any CPU.Build.0 = Debug|Any CPU
		{332CC810-E25F-44E4-9FF0-172A66028DEA}.Release|Any CPU.ActiveCfg = Release|Any CPU
		{332CC810-E25F-44E4-9FF0-172A66028DEA}.Release|Any CPU.Build.0 = Release|Any CPU
	EndGlobalSection
	GlobalSection(SolutionProperties) = preSolution
		HideSolutionNode = FALSE
	EndGlobalSection
	GlobalSection(ExtensibilityGlobals) = postSolution
		SolutionGuid = {C47DA2E1-2BDB-4E9C-A6EC-C142B56E5029}
	EndGlobalSection
EndGlobal
